
Microsoft Visual Studio Solution File, Format Version 12.00
# Visual Studio 2013
VisualStudioVersion = 12.0.30723.0
MinimumVisualStudioVersion = 10.0.40219.1
Project("{FAE04EC0-301F-11D3-BF4B-00C04F79EFBC}") = "McKaren.Admin", "McKaren.Admin.csproj", "{DADC6E3E-652D-42E6-B7DE-B5FE963359B3}"
EndProject
Project("{FAE04EC0-301F-11D3-BF4B-00C04F79EFBC}") = "McKaren.Admin.Authen", "McKaren.Admin.Authen\McKaren.Admin.Authen.csproj", "{69DC21D7-8B1C-4E30-962C-BAE2AE0AEED9}"
EndProject
Global
	GlobalSection(SolutionConfigurationPlatforms) = preSolution
		Debug|Any CPU = Debug|Any CPU
		Release|Any CPU = Release|Any CPU
	EndGlobalSection
	GlobalSection(ProjectConfigurationPlatforms) = postSolution
		{DADC6E3E-652D-42E6-B7DE-B5FE963359B3}.Debug|Any CPU.ActiveCfg = Debug|Any CPU
		{DADC6E3E-652D-42E6-B7DE-B5FE963359B3}.Debug|Any CPU.Build.0 = Debug|Any CPU
		{DADC6E3E-652D-42E6-B7DE-B5FE963359B3}.Release|Any CPU.ActiveCfg = Release|Any CPU
		{DADC6E3E-652D-42E6-B7DE-B5FE963359B3}.Release|Any CPU.Build.0 = Release|Any CPU
		{69DC21D7-8B1C-4E30-962C-BAE2AE0AEED9}.Debug|Any CPU.ActiveCfg = Debug|Any CPU
		{69DC21D7-8B1C-4E30-962C-BAE2AE0AEED9}.Debug|Any CPU.Build.0 = Debug|Any CPU
		{69DC21D7-8B1C-4E30-962C-BAE2AE0AEED9}.Release|Any CPU.ActiveCfg = Release|Any CPU
		{69DC21D7-8B1C-4E30-962C-BAE2AE0AEED9}.Release|Any CPU.Build.0 = Release|Any CPU
	EndGlobalSection
	GlobalSection(SolutionProperties) = preSolution
		HideSolutionNode = FALSE
	EndGlobalSection
EndGlobal
